<Solution>
  <Folder Name="/samples/">





  </Folder>
  <Folder Name="/src/">
    <Project Path="src/ARCP.Cli/ARCP.Cli.fsproj" />
    <Project Path="src/ARCP/ARCP.fsproj" />
  </Folder>
  <Folder Name="/tests/">
    <Project Path="tests/ARCP.IntegrationTests/ARCP.IntegrationTests.fsproj" />
    <Project Path="tests/ARCP.UnitTests/ARCP.UnitTests.fsproj" />
  </Folder>
</Solution>
